
Microsoft Visual Studio Solution File, Format Version 12.00
# Visual Studio 15
VisualStudioVersion = 15.0.28307.489
MinimumVisualStudioVersion = 10.0.40219.1
Project("{8BC9CEB8-8B4A-11D0-8D11-00A0C91BC942}") = "Lab07_E_Bai2", "Lab07_E_Bai2\Lab07_E_Bai2.vcxproj", "{D3EDD362-40C4-4686-A817-00F1519E5145}"
EndProject
Global
	GlobalSection(SolutionConfigurationPlatforms) = preSolution
		Debug|x64 = Debug|x64
		Debug|x86 = Debug|x86
		Release|x64 = Release|x64
		Release|x86 = Release|x86
	EndGlobalSection
	GlobalSection(ProjectConfigurationPlatforms) = postSolution
		{D3EDD362-40C4-4686-A817-00F1519E5145}.Debug|x64.ActiveCfg = Debug|x64
		{D3EDD362-40C4-4686-A817-00F1519E5145}.Debug|x64.Build.0 = Debug|x64
		{D3EDD362-40C4-4686-A817-00F1519E5145}.Debug|x86.ActiveCfg = Debug|Win32
		{D3EDD362-40C4-4686-A817-00F1519E5145}.Debug|x86.Build.0 = Debug|Win32
		{D3EDD362-40C4-4686-A817-00F1519E5145}.Release|x64.ActiveCfg = Release|x64
		{D3EDD362-40C4-4686-A817-00F1519E5145}.Release|x64.Build.0 = Release|x64
		{D3EDD362-40C4-4686-A817-00F1519E5145}.Release|x86.ActiveCfg = Release|Win32
		{D3EDD362-40C4-4686-A817-00F1519E5145}.Release|x86.Build.0 = Release|Win32
	EndGlobalSection
	GlobalSection(SolutionProperties) = preSolution
		HideSolutionNode = FALSE
	EndGlobalSection
	GlobalSection(ExtensibilityGlobals) = postSolution
		SolutionGuid = {7F652C4B-873A-41BF-B426-9F0A136D3E64}
	EndGlobalSection
EndGlobal
